
Microsoft Visual Studio Solution File, Format Version 12.00
# Visual Studio Version 16
VisualStudioVersion = 16.0.32002.261
MinimumVisualStudioVersion = 10.0.40219.1
Project("{FAE04EC0-301F-11D3-BF4B-00C04F79EFBC}") = "Books", "Books\Books.csproj", "{F6CDCA06-ED74-4E1F-BD25-45B27BA8F832}"
EndProject
Global
	GlobalSection(SolutionConfigurationPlatforms) = preSolution
		Debug|Any CPU = Debug|Any CPU
		Release|Any CPU = Release|Any CPU
	EndGlobalSection
	GlobalSection(ProjectConfigurationPlatforms) = postSolution
		{F6CDCA06-ED74-4E1F-BD25-45B27BA8F832}.Debug|Any CPU.ActiveCfg = Debug|Any CPU
		{F6CDCA06-ED74-4E1F-BD25-45B27BA8F832}.Debug|Any CPU.Build.0 = Debug|Any CPU
		{F6CDCA06-ED74-4E1F-BD25-45B27BA8F832}.Release|Any CPU.ActiveCfg = Release|Any CPU
		{F6CDCA06-ED74-4E1F-BD25-45B27BA8F832}.Release|Any CPU.Build.0 = Release|Any CPU
	EndGlobalSection
	GlobalSection(SolutionProperties) = preSolution
		HideSolutionNode = FALSE
	EndGlobalSection
	GlobalSection(ExtensibilityGlobals) = postSolution
		SolutionGuid = {2CC35C27-CEDD-4029-BD69-E17E4C59D1E6}
	EndGlobalSection
EndGlobal
